
Microsoft Visual Studio Solution File, Format Version 12.00
# Visual Studio Version 16
VisualStudioVersion = 16.0.31911.196
MinimumVisualStudioVersion = 10.0.40219.1
Project("{FAE04EC0-301F-11D3-BF4B-00C04F79EFBC}") = "finalDBMSPRo", "finalDBMSPRo\finalDBMSPRo.csproj", "{FEA75714-FDDE-45E2-9497-7B2E293BA880}"
EndProject
Global
	GlobalSection(SolutionConfigurationPlatforms) = preSolution
		Debug|Any CPU = Debug|Any CPU
		Release|Any CPU = Release|Any CPU
	EndGlobalSection
	GlobalSection(ProjectConfigurationPlatforms) = postSolution
		{FEA75714-FDDE-45E2-9497-7B2E293BA880}.Debug|Any CPU.ActiveCfg = Debug|Any CPU
		{FEA75714-FDDE-45E2-9497-7B2E293BA880}.Debug|Any CPU.Build.0 = Debug|Any CPU
		{FEA75714-FDDE-45E2-9497-7B2E293BA880}.Release|Any CPU.ActiveCfg = Release|Any CPU
		{FEA75714-FDDE-45E2-9497-7B2E293BA880}.Release|Any CPU.Build.0 = Release|Any CPU
	EndGlobalSection
	GlobalSection(SolutionProperties) = preSolution
		HideSolutionNode = FALSE
	EndGlobalSection
	GlobalSection(ExtensibilityGlobals) = postSolution
		SolutionGuid = {3D4EFB13-983F-4CFE-8308-9C8B71714D17}
	EndGlobalSection
EndGlobal
